
Microsoft Visual Studio Solution File, Format Version 12.00
# Visual Studio Version 17
VisualStudioVersion = 17.0.31912.275
MinimumVisualStudioVersion = 10.0.40219.1
Project("{FAE04EC0-301F-11D3-BF4B-00C04F79EFBC}") = "Schach", "Schach.csproj", "{CC3BE5EE-A82F-45F5-839D-2355DC857DDA}"
EndProject
Global
	GlobalSection(SolutionConfigurationPlatforms) = preSolution
		Debug|Any CPU = Debug|Any CPU
		Release|Any CPU = Release|Any CPU
	EndGlobalSection
	GlobalSection(ProjectConfigurationPlatforms) = postSolution
		{CC3BE5EE-A82F-45F5-839D-2355DC857DDA}.Debug|Any CPU.ActiveCfg = Debug|Any CPU
		{CC3BE5EE-A82F-45F5-839D-2355DC857DDA}.Debug|Any CPU.Build.0 = Debug|Any CPU
		{CC3BE5EE-A82F-45F5-839D-2355DC857DDA}.Release|Any CPU.ActiveCfg = Release|Any CPU
		{CC3BE5EE-A82F-45F5-839D-2355DC857DDA}.Release|Any CPU.Build.0 = Release|Any CPU
	EndGlobalSection
	GlobalSection(SolutionProperties) = preSolution
		HideSolutionNode = FALSE
	EndGlobalSection
	GlobalSection(ExtensibilityGlobals) = postSolution
		SolutionGuid = {4A99E02F-84E0-482B-8406-CF06BDA4F721}
	EndGlobalSection
EndGlobal
