
Microsoft Visual Studio Solution File, Format Version 12.00
# Visual Studio Version 17
VisualStudioVersion = 17.0.31912.275
MinimumVisualStudioVersion = 10.0.40219.1
Project("{FAE04EC0-301F-11D3-BF4B-00C04F79EFBC}") = "SortArrays", "SortArrays.csproj", "{26C63501-B220-4B42-8D68-0CA80632DF87}"
EndProject
Global
	GlobalSection(SolutionConfigurationPlatforms) = preSolution
		Debug|Any CPU = Debug|Any CPU
		Release|Any CPU = Release|Any CPU
	EndGlobalSection
	GlobalSection(ProjectConfigurationPlatforms) = postSolution
		{26C63501-B220-4B42-8D68-0CA80632DF87}.Debug|Any CPU.ActiveCfg = Debug|Any CPU
		{26C63501-B220-4B42-8D68-0CA80632DF87}.Debug|Any CPU.Build.0 = Debug|Any CPU
		{26C63501-B220-4B42-8D68-0CA80632DF87}.Release|Any CPU.ActiveCfg = Release|Any CPU
		{26C63501-B220-4B42-8D68-0CA80632DF87}.Release|Any CPU.Build.0 = Release|Any CPU
	EndGlobalSection
	GlobalSection(SolutionProperties) = preSolution
		HideSolutionNode = FALSE
	EndGlobalSection
	GlobalSection(ExtensibilityGlobals) = postSolution
		SolutionGuid = {CA4079C1-4D88-41A4-815D-4AD32A135C91}
	EndGlobalSection
EndGlobal
