
Microsoft Visual Studio Solution File, Format Version 12.00
# Visual Studio Version 17
VisualStudioVersion = 17.0.31912.275
MinimumVisualStudioVersion = 10.0.40219.1
Project("{9A19103F-16F7-4668-BE54-9A1E7A4F7556}") = "WeihnachtsApp", "WeihnachtsApp\WeihnachtsApp.csproj", "{6EBC2AFD-C557-40E6-8E41-EDC8F186B38A}"
EndProject
Project("{2150E333-8FDC-42A3-9474-1A3956D46DE8}") = "Solution Items", "Solution Items", "{F748C334-6F67-4479-A14A-BFDEAF8E6090}"
EndProject
Global
	GlobalSection(SolutionConfigurationPlatforms) = preSolution
		Debug|Any CPU = Debug|Any CPU
		Release|Any CPU = Release|Any CPU
	EndGlobalSection
	GlobalSection(ProjectConfigurationPlatforms) = postSolution
		{6EBC2AFD-C557-40E6-8E41-EDC8F186B38A}.Debug|Any CPU.ActiveCfg = Debug|Any CPU
		{6EBC2AFD-C557-40E6-8E41-EDC8F186B38A}.Debug|Any CPU.Build.0 = Debug|Any CPU
		{6EBC2AFD-C557-40E6-8E41-EDC8F186B38A}.Release|Any CPU.ActiveCfg = Release|Any CPU
		{6EBC2AFD-C557-40E6-8E41-EDC8F186B38A}.Release|Any CPU.Build.0 = Release|Any CPU
	EndGlobalSection
	GlobalSection(SolutionProperties) = preSolution
		HideSolutionNode = FALSE
	EndGlobalSection
	GlobalSection(ExtensibilityGlobals) = postSolution
		SolutionGuid = {FF11CA08-B391-47C4-87AE-3CAE81F94E01}
	EndGlobalSection
EndGlobal
