
Microsoft Visual Studio Solution File, Format Version 12.00
# Visual Studio Version 17
VisualStudioVersion = 17.0.31912.275
MinimumVisualStudioVersion = 10.0.40219.1
Project("{FAE04EC0-301F-11D3-BF4B-00C04F79EFBC}") = "EF_ModelFirstSample", "EF_ModelFirstSample.csproj", "{5321097F-9318-4FFE-AD7C-CD686516D53C}"
EndProject
Global
	GlobalSection(SolutionConfigurationPlatforms) = preSolution
		Debug|Any CPU = Debug|Any CPU
		Release|Any CPU = Release|Any CPU
	EndGlobalSection
	GlobalSection(ProjectConfigurationPlatforms) = postSolution
		{5321097F-9318-4FFE-AD7C-CD686516D53C}.Debug|Any CPU.ActiveCfg = Debug|Any CPU
		{5321097F-9318-4FFE-AD7C-CD686516D53C}.Debug|Any CPU.Build.0 = Debug|Any CPU
		{5321097F-9318-4FFE-AD7C-CD686516D53C}.Release|Any CPU.ActiveCfg = Release|Any CPU
		{5321097F-9318-4FFE-AD7C-CD686516D53C}.Release|Any CPU.Build.0 = Release|Any CPU
	EndGlobalSection
	GlobalSection(SolutionProperties) = preSolution
		HideSolutionNode = FALSE
	EndGlobalSection
	GlobalSection(ExtensibilityGlobals) = postSolution
		SolutionGuid = {EE93654A-2666-49FA-AB07-A3C9FC6A66F5}
	EndGlobalSection
EndGlobal
