
Microsoft Visual Studio Solution File, Format Version 12.00
# Visual Studio Version 17
VisualStudioVersion = 17.0.31912.275
MinimumVisualStudioVersion = 10.0.40219.1
Project("{FAE04EC0-301F-11D3-BF4B-00C04F79EFBC}") = "Quizgenerator", "Quizgenerator.csproj", "{FAF0BEBF-A51A-44F7-A539-F3EA4D21B2D4}"
EndProject
Global
	GlobalSection(SolutionConfigurationPlatforms) = preSolution
		Debug|Any CPU = Debug|Any CPU
		Release|Any CPU = Release|Any CPU
	EndGlobalSection
	GlobalSection(ProjectConfigurationPlatforms) = postSolution
		{FAF0BEBF-A51A-44F7-A539-F3EA4D21B2D4}.Debug|Any CPU.ActiveCfg = Debug|Any CPU
		{FAF0BEBF-A51A-44F7-A539-F3EA4D21B2D4}.Debug|Any CPU.Build.0 = Debug|Any CPU
		{FAF0BEBF-A51A-44F7-A539-F3EA4D21B2D4}.Release|Any CPU.ActiveCfg = Release|Any CPU
		{FAF0BEBF-A51A-44F7-A539-F3EA4D21B2D4}.Release|Any CPU.Build.0 = Release|Any CPU
	EndGlobalSection
	GlobalSection(SolutionProperties) = preSolution
		HideSolutionNode = FALSE
	EndGlobalSection
	GlobalSection(ExtensibilityGlobals) = postSolution
		SolutionGuid = {2321A02D-5841-4417-863F-0A6890508722}
	EndGlobalSection
EndGlobal
