
Microsoft Visual Studio Solution File, Format Version 12.00
# Visual Studio Version 17
VisualStudioVersion = 17.0.31912.275
MinimumVisualStudioVersion = 10.0.40219.1
Project("{FAE04EC0-301F-11D3-BF4B-00C04F79EFBC}") = "WerttypVsReferenztyp", "WerttypVsReferenztyp.csproj", "{297C7411-822B-427E-92FB-3CD213169C5B}"
EndProject
Global
	GlobalSection(SolutionConfigurationPlatforms) = preSolution
		Debug|Any CPU = Debug|Any CPU
		Release|Any CPU = Release|Any CPU
	EndGlobalSection
	GlobalSection(ProjectConfigurationPlatforms) = postSolution
		{297C7411-822B-427E-92FB-3CD213169C5B}.Debug|Any CPU.ActiveCfg = Debug|Any CPU
		{297C7411-822B-427E-92FB-3CD213169C5B}.Debug|Any CPU.Build.0 = Debug|Any CPU
		{297C7411-822B-427E-92FB-3CD213169C5B}.Release|Any CPU.ActiveCfg = Release|Any CPU
		{297C7411-822B-427E-92FB-3CD213169C5B}.Release|Any CPU.Build.0 = Release|Any CPU
	EndGlobalSection
	GlobalSection(SolutionProperties) = preSolution
		HideSolutionNode = FALSE
	EndGlobalSection
	GlobalSection(ExtensibilityGlobals) = postSolution
		SolutionGuid = {C50A8457-C3D0-47E5-BE82-CEB2959058DA}
	EndGlobalSection
EndGlobal
