
Microsoft Visual Studio Solution File, Format Version 12.00
# Visual Studio Version 17
VisualStudioVersion = 17.0.31912.275
MinimumVisualStudioVersion = 10.0.40219.1
Project("{FAE04EC0-301F-11D3-BF4B-00C04F79EFBC}") = "TestKomplexerDatentypReturnieren", "TestKomplexerDatentypReturnieren.csproj", "{6873556A-6409-411D-AA94-B87498B3E252}"
EndProject
Global
	GlobalSection(SolutionConfigurationPlatforms) = preSolution
		Debug|Any CPU = Debug|Any CPU
		Release|Any CPU = Release|Any CPU
	EndGlobalSection
	GlobalSection(ProjectConfigurationPlatforms) = postSolution
		{6873556A-6409-411D-AA94-B87498B3E252}.Debug|Any CPU.ActiveCfg = Debug|Any CPU
		{6873556A-6409-411D-AA94-B87498B3E252}.Debug|Any CPU.Build.0 = Debug|Any CPU
		{6873556A-6409-411D-AA94-B87498B3E252}.Release|Any CPU.ActiveCfg = Release|Any CPU
		{6873556A-6409-411D-AA94-B87498B3E252}.Release|Any CPU.Build.0 = Release|Any CPU
	EndGlobalSection
	GlobalSection(SolutionProperties) = preSolution
		HideSolutionNode = FALSE
	EndGlobalSection
	GlobalSection(ExtensibilityGlobals) = postSolution
		SolutionGuid = {2A815FD1-93EA-42A2-9133-88A585FABA27}
	EndGlobalSection
EndGlobal
