
Microsoft Visual Studio Solution File, Format Version 12.00
# Visual Studio Version 17
VisualStudioVersion = 17.1.32319.34
MinimumVisualStudioVersion = 10.0.40219.1
Project("{FAE04EC0-301F-11D3-BF4B-00C04F79EFBC}") = "MVVM_ListView_Users", "MVVM_ListView_Users.csproj", "{3969487A-E40D-4B22-9F8A-0566E17495E1}"
EndProject
Global
	GlobalSection(SolutionConfigurationPlatforms) = preSolution
		Debug|Any CPU = Debug|Any CPU
		Release|Any CPU = Release|Any CPU
	EndGlobalSection
	GlobalSection(ProjectConfigurationPlatforms) = postSolution
		{3969487A-E40D-4B22-9F8A-0566E17495E1}.Debug|Any CPU.ActiveCfg = Debug|Any CPU
		{3969487A-E40D-4B22-9F8A-0566E17495E1}.Debug|Any CPU.Build.0 = Debug|Any CPU
		{3969487A-E40D-4B22-9F8A-0566E17495E1}.Release|Any CPU.ActiveCfg = Release|Any CPU
		{3969487A-E40D-4B22-9F8A-0566E17495E1}.Release|Any CPU.Build.0 = Release|Any CPU
	EndGlobalSection
	GlobalSection(SolutionProperties) = preSolution
		HideSolutionNode = FALSE
	EndGlobalSection
	GlobalSection(ExtensibilityGlobals) = postSolution
		SolutionGuid = {3D6A0F01-3B6D-4EA1-B6AF-7351E0DB0882}
	EndGlobalSection
EndGlobal
