
Microsoft Visual Studio Solution File, Format Version 12.00
# Visual Studio Version 17
VisualStudioVersion = 17.1.32319.34
MinimumVisualStudioVersion = 10.0.40219.1
Project("{FAE04EC0-301F-11D3-BF4B-00C04F79EFBC}") = "DatabaseFirst2023", "DatabaseFirst2023.csproj", "{1485B96A-A303-45CE-BAB9-0D86FB12EED4}"
EndProject
Global
	GlobalSection(SolutionConfigurationPlatforms) = preSolution
		Debug|Any CPU = Debug|Any CPU
		Release|Any CPU = Release|Any CPU
	EndGlobalSection
	GlobalSection(ProjectConfigurationPlatforms) = postSolution
		{1485B96A-A303-45CE-BAB9-0D86FB12EED4}.Debug|Any CPU.ActiveCfg = Debug|Any CPU
		{1485B96A-A303-45CE-BAB9-0D86FB12EED4}.Debug|Any CPU.Build.0 = Debug|Any CPU
		{1485B96A-A303-45CE-BAB9-0D86FB12EED4}.Release|Any CPU.ActiveCfg = Release|Any CPU
		{1485B96A-A303-45CE-BAB9-0D86FB12EED4}.Release|Any CPU.Build.0 = Release|Any CPU
	EndGlobalSection
	GlobalSection(SolutionProperties) = preSolution
		HideSolutionNode = FALSE
	EndGlobalSection
	GlobalSection(ExtensibilityGlobals) = postSolution
		SolutionGuid = {57F361D0-C4CA-4BBD-B206-2E90E01748CE}
	EndGlobalSection
EndGlobal
