
Microsoft Visual Studio Solution File, Format Version 12.00
# Visual Studio Version 17
VisualStudioVersion = 17.0.31912.275
MinimumVisualStudioVersion = 10.0.40219.1
Project("{FAE04EC0-301F-11D3-BF4B-00C04F79EFBC}") = "TestReferenzes", "TestReferenzes.csproj", "{07E0899E-801D-4BF5-BA30-3F74DBC36111}"
EndProject
Global
	GlobalSection(SolutionConfigurationPlatforms) = preSolution
		Debug|Any CPU = Debug|Any CPU
		Release|Any CPU = Release|Any CPU
	EndGlobalSection
	GlobalSection(ProjectConfigurationPlatforms) = postSolution
		{07E0899E-801D-4BF5-BA30-3F74DBC36111}.Debug|Any CPU.ActiveCfg = Debug|Any CPU
		{07E0899E-801D-4BF5-BA30-3F74DBC36111}.Debug|Any CPU.Build.0 = Debug|Any CPU
		{07E0899E-801D-4BF5-BA30-3F74DBC36111}.Release|Any CPU.ActiveCfg = Release|Any CPU
		{07E0899E-801D-4BF5-BA30-3F74DBC36111}.Release|Any CPU.Build.0 = Release|Any CPU
	EndGlobalSection
	GlobalSection(SolutionProperties) = preSolution
		HideSolutionNode = FALSE
	EndGlobalSection
	GlobalSection(ExtensibilityGlobals) = postSolution
		SolutionGuid = {CF7F6B03-E737-415B-ADFE-1DC50E580F68}
	EndGlobalSection
EndGlobal
