
Microsoft Visual Studio Solution File, Format Version 12.00
# Visual Studio Version 17
VisualStudioVersion = 17.1.32319.34
MinimumVisualStudioVersion = 10.0.40219.1
Project("{FAE04EC0-301F-11D3-BF4B-00C04F79EFBC}") = "StructCarsValueTypes", "StructCarsValueTypes\StructCarsValueTypes.csproj", "{8D357B8D-11BC-4245-8C65-8AD71F0AB64D}"
EndProject
Global
	GlobalSection(SolutionConfigurationPlatforms) = preSolution
		Debug|Any CPU = Debug|Any CPU
		Release|Any CPU = Release|Any CPU
	EndGlobalSection
	GlobalSection(ProjectConfigurationPlatforms) = postSolution
		{8D357B8D-11BC-4245-8C65-8AD71F0AB64D}.Debug|Any CPU.ActiveCfg = Debug|Any CPU
		{8D357B8D-11BC-4245-8C65-8AD71F0AB64D}.Debug|Any CPU.Build.0 = Debug|Any CPU
		{8D357B8D-11BC-4245-8C65-8AD71F0AB64D}.Release|Any CPU.ActiveCfg = Release|Any CPU
		{8D357B8D-11BC-4245-8C65-8AD71F0AB64D}.Release|Any CPU.Build.0 = Release|Any CPU
	EndGlobalSection
	GlobalSection(SolutionProperties) = preSolution
		HideSolutionNode = FALSE
	EndGlobalSection
	GlobalSection(ExtensibilityGlobals) = postSolution
		SolutionGuid = {296B74D5-55A0-485A-B2FA-D330E67B73B6}
	EndGlobalSection
EndGlobal
