
Microsoft Visual Studio Solution File, Format Version 12.00
# Visual Studio Version 17
VisualStudioVersion = 17.0.31912.275
MinimumVisualStudioVersion = 10.0.40219.1
Project("{FAE04EC0-301F-11D3-BF4B-00C04F79EFBC}") = "LambdaAndDelegate", "LambdaAndDelegate.csproj", "{51B88B8A-FC52-41B0-9A5C-53AD4ED60824}"
EndProject
Global
	GlobalSection(SolutionConfigurationPlatforms) = preSolution
		Debug|Any CPU = Debug|Any CPU
		Release|Any CPU = Release|Any CPU
	EndGlobalSection
	GlobalSection(ProjectConfigurationPlatforms) = postSolution
		{51B88B8A-FC52-41B0-9A5C-53AD4ED60824}.Debug|Any CPU.ActiveCfg = Debug|Any CPU
		{51B88B8A-FC52-41B0-9A5C-53AD4ED60824}.Debug|Any CPU.Build.0 = Debug|Any CPU
		{51B88B8A-FC52-41B0-9A5C-53AD4ED60824}.Release|Any CPU.ActiveCfg = Release|Any CPU
		{51B88B8A-FC52-41B0-9A5C-53AD4ED60824}.Release|Any CPU.Build.0 = Release|Any CPU
	EndGlobalSection
	GlobalSection(SolutionProperties) = preSolution
		HideSolutionNode = FALSE
	EndGlobalSection
	GlobalSection(ExtensibilityGlobals) = postSolution
		SolutionGuid = {96838CA2-65C0-4A67-BD92-892117A3E09E}
	EndGlobalSection
EndGlobal
