
Microsoft Visual Studio Solution File, Format Version 12.00
# Visual Studio Version 17
VisualStudioVersion = 17.0.31912.275
MinimumVisualStudioVersion = 10.0.40219.1
Project("{FAE04EC0-301F-11D3-BF4B-00C04F79EFBC}") = "ElaraProgrammieren", "ElaraProgrammieren.csproj", "{95C636FB-0023-479C-BB69-E4A1201C22DA}"
EndProject
Global
	GlobalSection(SolutionConfigurationPlatforms) = preSolution
		Debug|Any CPU = Debug|Any CPU
		Release|Any CPU = Release|Any CPU
	EndGlobalSection
	GlobalSection(ProjectConfigurationPlatforms) = postSolution
		{95C636FB-0023-479C-BB69-E4A1201C22DA}.Debug|Any CPU.ActiveCfg = Debug|Any CPU
		{95C636FB-0023-479C-BB69-E4A1201C22DA}.Debug|Any CPU.Build.0 = Debug|Any CPU
		{95C636FB-0023-479C-BB69-E4A1201C22DA}.Release|Any CPU.ActiveCfg = Release|Any CPU
		{95C636FB-0023-479C-BB69-E4A1201C22DA}.Release|Any CPU.Build.0 = Release|Any CPU
	EndGlobalSection
	GlobalSection(SolutionProperties) = preSolution
		HideSolutionNode = FALSE
	EndGlobalSection
	GlobalSection(ExtensibilityGlobals) = postSolution
		SolutionGuid = {2DED3D3A-B826-4A54-A61E-7893EF7C2CEA}
	EndGlobalSection
EndGlobal
