
Microsoft Visual Studio Solution File, Format Version 12.00
# Visual Studio Version 17
VisualStudioVersion = 17.0.31912.275
MinimumVisualStudioVersion = 10.0.40219.1
Project("{FAE04EC0-301F-11D3-BF4B-00C04F79EFBC}") = "StringLibrary", "StringLibrary\StringLibrary.csproj", "{A37642B2-DC0B-425C-AE5A-343B495DE2E8}"
EndProject
Project("{FAE04EC0-301F-11D3-BF4B-00C04F79EFBC}") = "ShowCase", "ShowCase\ShowCase.csproj", "{AA9633E7-75F7-4ABC-A108-ABFFD4048F3E}"
EndProject
Global
	GlobalSection(SolutionConfigurationPlatforms) = preSolution
		Debug|Any CPU = Debug|Any CPU
		Release|Any CPU = Release|Any CPU
	EndGlobalSection
	GlobalSection(ProjectConfigurationPlatforms) = postSolution
		{A37642B2-DC0B-425C-AE5A-343B495DE2E8}.Debug|Any CPU.ActiveCfg = Debug|Any CPU
		{A37642B2-DC0B-425C-AE5A-343B495DE2E8}.Debug|Any CPU.Build.0 = Debug|Any CPU
		{A37642B2-DC0B-425C-AE5A-343B495DE2E8}.Release|Any CPU.ActiveCfg = Release|Any CPU
		{A37642B2-DC0B-425C-AE5A-343B495DE2E8}.Release|Any CPU.Build.0 = Release|Any CPU
		{AA9633E7-75F7-4ABC-A108-ABFFD4048F3E}.Debug|Any CPU.ActiveCfg = Debug|Any CPU
		{AA9633E7-75F7-4ABC-A108-ABFFD4048F3E}.Debug|Any CPU.Build.0 = Debug|Any CPU
		{AA9633E7-75F7-4ABC-A108-ABFFD4048F3E}.Release|Any CPU.ActiveCfg = Release|Any CPU
		{AA9633E7-75F7-4ABC-A108-ABFFD4048F3E}.Release|Any CPU.Build.0 = Release|Any CPU
	EndGlobalSection
	GlobalSection(SolutionProperties) = preSolution
		HideSolutionNode = FALSE
	EndGlobalSection
	GlobalSection(ExtensibilityGlobals) = postSolution
		SolutionGuid = {19B7777A-0E45-4078-B3DE-33D47C4FB4E3}
	EndGlobalSection
EndGlobal
