
Microsoft Visual Studio Solution File, Format Version 12.00
# Visual Studio Version 17
VisualStudioVersion = 17.0.31912.275
MinimumVisualStudioVersion = 10.0.40219.1
Project("{9A19103F-16F7-4668-BE54-9A1E7A4F7556}") = "Pokerdealer", "Pokerdealer.csproj", "{932B30D6-A341-4E32-A745-875BA6A1467A}"
EndProject
Project("{2150E333-8FDC-42A3-9474-1A3956D46DE8}") = "Solution Items", "Solution Items", "{4FF672AA-FF46-45F6-A0AB-14C8085F3B55}"
EndProject
Global
	GlobalSection(SolutionConfigurationPlatforms) = preSolution
		Debug|Any CPU = Debug|Any CPU
		Release|Any CPU = Release|Any CPU
	EndGlobalSection
	GlobalSection(ProjectConfigurationPlatforms) = postSolution
		{932B30D6-A341-4E32-A745-875BA6A1467A}.Debug|Any CPU.ActiveCfg = Debug|Any CPU
		{932B30D6-A341-4E32-A745-875BA6A1467A}.Debug|Any CPU.Build.0 = Debug|Any CPU
		{932B30D6-A341-4E32-A745-875BA6A1467A}.Release|Any CPU.ActiveCfg = Release|Any CPU
		{932B30D6-A341-4E32-A745-875BA6A1467A}.Release|Any CPU.Build.0 = Release|Any CPU
	EndGlobalSection
	GlobalSection(SolutionProperties) = preSolution
		HideSolutionNode = FALSE
	EndGlobalSection
	GlobalSection(ExtensibilityGlobals) = postSolution
		SolutionGuid = {0083D301-5D43-4BD7-BE93-C4610AE6D10E}
	EndGlobalSection
EndGlobal
