
Microsoft Visual Studio Solution File, Format Version 12.00
# Visual Studio Version 17
VisualStudioVersion = 17.0.31912.275
MinimumVisualStudioVersion = 10.0.40219.1
Project("{FAE04EC0-301F-11D3-BF4B-00C04F79EFBC}") = "WPFandDataBinding", "WPFandDataBinding.csproj", "{C3DDF075-80B6-482E-ADCE-D4223425F81C}"
EndProject
Global
	GlobalSection(SolutionConfigurationPlatforms) = preSolution
		Debug|Any CPU = Debug|Any CPU
		Release|Any CPU = Release|Any CPU
	EndGlobalSection
	GlobalSection(ProjectConfigurationPlatforms) = postSolution
		{C3DDF075-80B6-482E-ADCE-D4223425F81C}.Debug|Any CPU.ActiveCfg = Debug|Any CPU
		{C3DDF075-80B6-482E-ADCE-D4223425F81C}.Debug|Any CPU.Build.0 = Debug|Any CPU
		{C3DDF075-80B6-482E-ADCE-D4223425F81C}.Release|Any CPU.ActiveCfg = Release|Any CPU
		{C3DDF075-80B6-482E-ADCE-D4223425F81C}.Release|Any CPU.Build.0 = Release|Any CPU
	EndGlobalSection
	GlobalSection(SolutionProperties) = preSolution
		HideSolutionNode = FALSE
	EndGlobalSection
	GlobalSection(ExtensibilityGlobals) = postSolution
		SolutionGuid = {966E8BDA-085E-4F2C-97EB-A4F25635028D}
	EndGlobalSection
EndGlobal
