
Microsoft Visual Studio Solution File, Format Version 12.00
# Visual Studio Version 17
VisualStudioVersion = 17.1.32319.34
MinimumVisualStudioVersion = 10.0.40219.1
Project("{FAE04EC0-301F-11D3-BF4B-00C04F79EFBC}") = "ChessConsole", "ChessConsole\ChessConsole.csproj", "{46E475C0-4D5B-4077-8AF3-760AC3909A0A}"
EndProject
Global
	GlobalSection(SolutionConfigurationPlatforms) = preSolution
		Debug|Any CPU = Debug|Any CPU
		Release|Any CPU = Release|Any CPU
	EndGlobalSection
	GlobalSection(ProjectConfigurationPlatforms) = postSolution
		{46E475C0-4D5B-4077-8AF3-760AC3909A0A}.Debug|Any CPU.ActiveCfg = Debug|Any CPU
		{46E475C0-4D5B-4077-8AF3-760AC3909A0A}.Debug|Any CPU.Build.0 = Debug|Any CPU
		{46E475C0-4D5B-4077-8AF3-760AC3909A0A}.Release|Any CPU.ActiveCfg = Release|Any CPU
		{46E475C0-4D5B-4077-8AF3-760AC3909A0A}.Release|Any CPU.Build.0 = Release|Any CPU
	EndGlobalSection
	GlobalSection(SolutionProperties) = preSolution
		HideSolutionNode = FALSE
	EndGlobalSection
	GlobalSection(ExtensibilityGlobals) = postSolution
		SolutionGuid = {5EEDDAE9-A7DB-4403-8C6B-10EB5109E5E0}
	EndGlobalSection
EndGlobal
