
Microsoft Visual Studio Solution File, Format Version 12.00
# Visual Studio Version 17
VisualStudioVersion = 17.0.31912.275
MinimumVisualStudioVersion = 10.0.40219.1
Project("{FAE04EC0-301F-11D3-BF4B-00C04F79EFBC}") = "WCFFirstWIFIApp", "WCFFirstWIFIApp.csproj", "{44213147-099E-4677-A3CA-5C6E8FD2C8CE}"
EndProject
Global
	GlobalSection(SolutionConfigurationPlatforms) = preSolution
		Debug|Any CPU = Debug|Any CPU
		Release|Any CPU = Release|Any CPU
	EndGlobalSection
	GlobalSection(ProjectConfigurationPlatforms) = postSolution
		{44213147-099E-4677-A3CA-5C6E8FD2C8CE}.Debug|Any CPU.ActiveCfg = Debug|Any CPU
		{44213147-099E-4677-A3CA-5C6E8FD2C8CE}.Debug|Any CPU.Build.0 = Debug|Any CPU
		{44213147-099E-4677-A3CA-5C6E8FD2C8CE}.Release|Any CPU.ActiveCfg = Release|Any CPU
		{44213147-099E-4677-A3CA-5C6E8FD2C8CE}.Release|Any CPU.Build.0 = Release|Any CPU
	EndGlobalSection
	GlobalSection(SolutionProperties) = preSolution
		HideSolutionNode = FALSE
	EndGlobalSection
	GlobalSection(ExtensibilityGlobals) = postSolution
		SolutionGuid = {ED120770-B3F0-4A2A-B262-4795053CAC6D}
	EndGlobalSection
EndGlobal
