
Microsoft Visual Studio Solution File, Format Version 12.00
# Visual Studio Version 17
VisualStudioVersion = 17.0.31912.275
MinimumVisualStudioVersion = 10.0.40219.1
Project("{FAE04EC0-301F-11D3-BF4B-00C04F79EFBC}") = "CollectionBeispiele", "CollectionBeispiele\CollectionBeispiele.csproj", "{B9600AF3-C006-4AC8-877A-E1F932DF10DC}"
EndProject
Global
	GlobalSection(SolutionConfigurationPlatforms) = preSolution
		Debug|Any CPU = Debug|Any CPU
		Release|Any CPU = Release|Any CPU
	EndGlobalSection
	GlobalSection(ProjectConfigurationPlatforms) = postSolution
		{B9600AF3-C006-4AC8-877A-E1F932DF10DC}.Debug|Any CPU.ActiveCfg = Debug|Any CPU
		{B9600AF3-C006-4AC8-877A-E1F932DF10DC}.Debug|Any CPU.Build.0 = Debug|Any CPU
		{B9600AF3-C006-4AC8-877A-E1F932DF10DC}.Release|Any CPU.ActiveCfg = Release|Any CPU
		{B9600AF3-C006-4AC8-877A-E1F932DF10DC}.Release|Any CPU.Build.0 = Release|Any CPU
	EndGlobalSection
	GlobalSection(SolutionProperties) = preSolution
		HideSolutionNode = FALSE
	EndGlobalSection
	GlobalSection(ExtensibilityGlobals) = postSolution
		SolutionGuid = {CF9B9883-FF84-439F-887A-96391ED71B73}
	EndGlobalSection
EndGlobal
