
Microsoft Visual Studio Solution File, Format Version 12.00
# Visual Studio Version 17
VisualStudioVersion = 17.0.31912.275
MinimumVisualStudioVersion = 10.0.40219.1
Project("{FAE04EC0-301F-11D3-BF4B-00C04F79EFBC}") = "Rechnungserstellung", "Rechnungserstellung.csproj", "{E02FE72D-9FDF-4DA1-B082-91DC4E1C80F2}"
EndProject
Global
	GlobalSection(SolutionConfigurationPlatforms) = preSolution
		Debug|Any CPU = Debug|Any CPU
		Release|Any CPU = Release|Any CPU
	EndGlobalSection
	GlobalSection(ProjectConfigurationPlatforms) = postSolution
		{E02FE72D-9FDF-4DA1-B082-91DC4E1C80F2}.Debug|Any CPU.ActiveCfg = Debug|Any CPU
		{E02FE72D-9FDF-4DA1-B082-91DC4E1C80F2}.Debug|Any CPU.Build.0 = Debug|Any CPU
		{E02FE72D-9FDF-4DA1-B082-91DC4E1C80F2}.Release|Any CPU.ActiveCfg = Release|Any CPU
		{E02FE72D-9FDF-4DA1-B082-91DC4E1C80F2}.Release|Any CPU.Build.0 = Release|Any CPU
	EndGlobalSection
	GlobalSection(SolutionProperties) = preSolution
		HideSolutionNode = FALSE
	EndGlobalSection
	GlobalSection(ExtensibilityGlobals) = postSolution
		SolutionGuid = {8756E7F7-3D8C-423E-9BC5-58E8857C79E6}
	EndGlobalSection
EndGlobal
