
Microsoft Visual Studio Solution File, Format Version 12.00
# Visual Studio Version 17
VisualStudioVersion = 17.0.31912.275
MinimumVisualStudioVersion = 10.0.40219.1
Project("{FAE04EC0-301F-11D3-BF4B-00C04F79EFBC}") = "WCF_Client", "WCF_Client.csproj", "{E0C8DC0B-659E-492D-BA95-5E09C120F265}"
EndProject
Global
	GlobalSection(SolutionConfigurationPlatforms) = preSolution
		Debug|Any CPU = Debug|Any CPU
		Release|Any CPU = Release|Any CPU
	EndGlobalSection
	GlobalSection(ProjectConfigurationPlatforms) = postSolution
		{E0C8DC0B-659E-492D-BA95-5E09C120F265}.Debug|Any CPU.ActiveCfg = Debug|Any CPU
		{E0C8DC0B-659E-492D-BA95-5E09C120F265}.Debug|Any CPU.Build.0 = Debug|Any CPU
		{E0C8DC0B-659E-492D-BA95-5E09C120F265}.Release|Any CPU.ActiveCfg = Release|Any CPU
		{E0C8DC0B-659E-492D-BA95-5E09C120F265}.Release|Any CPU.Build.0 = Release|Any CPU
	EndGlobalSection
	GlobalSection(SolutionProperties) = preSolution
		HideSolutionNode = FALSE
	EndGlobalSection
	GlobalSection(ExtensibilityGlobals) = postSolution
		SolutionGuid = {6FA40419-81E0-44AE-B26D-8CC6FB938C18}
	EndGlobalSection
EndGlobal
