
Microsoft Visual Studio Solution File, Format Version 12.00
# Visual Studio Version 17
VisualStudioVersion = 17.0.31912.275
MinimumVisualStudioVersion = 10.0.40219.1
Project("{FAE04EC0-301F-11D3-BF4B-00C04F79EFBC}") = "StammbaumRekursiv", "StammbaumRekursiv.csproj", "{EAA49E05-0E55-41A2-9D13-41B65AB40C72}"
EndProject
Global
	GlobalSection(SolutionConfigurationPlatforms) = preSolution
		Debug|Any CPU = Debug|Any CPU
		Release|Any CPU = Release|Any CPU
	EndGlobalSection
	GlobalSection(ProjectConfigurationPlatforms) = postSolution
		{EAA49E05-0E55-41A2-9D13-41B65AB40C72}.Debug|Any CPU.ActiveCfg = Debug|Any CPU
		{EAA49E05-0E55-41A2-9D13-41B65AB40C72}.Debug|Any CPU.Build.0 = Debug|Any CPU
		{EAA49E05-0E55-41A2-9D13-41B65AB40C72}.Release|Any CPU.ActiveCfg = Release|Any CPU
		{EAA49E05-0E55-41A2-9D13-41B65AB40C72}.Release|Any CPU.Build.0 = Release|Any CPU
	EndGlobalSection
	GlobalSection(SolutionProperties) = preSolution
		HideSolutionNode = FALSE
	EndGlobalSection
	GlobalSection(ExtensibilityGlobals) = postSolution
		SolutionGuid = {A0275BD5-CA81-4DFC-B57B-4468E9A7FAE8}
	EndGlobalSection
EndGlobal
