
Microsoft Visual Studio Solution File, Format Version 12.00
# Visual Studio Version 17
VisualStudioVersion = 17.1.32319.34
MinimumVisualStudioVersion = 10.0.40219.1
Project("{FAE04EC0-301F-11D3-BF4B-00C04F79EFBC}") = "CITest2", "CITest2\CITest2.csproj", "{6407F0A3-53A4-4332-A005-BFE87D750F50}"
EndProject
Project("{FAE04EC0-301F-11D3-BF4B-00C04F79EFBC}") = "MathTest", "MathTest\MathTest.csproj", "{420FAEEF-B237-414A-95A8-BE6E29D98C2A}"
EndProject
Global
	GlobalSection(SolutionConfigurationPlatforms) = preSolution
		Debug|Any CPU = Debug|Any CPU
		Release|Any CPU = Release|Any CPU
	EndGlobalSection
	GlobalSection(ProjectConfigurationPlatforms) = postSolution
		{6407F0A3-53A4-4332-A005-BFE87D750F50}.Debug|Any CPU.ActiveCfg = Debug|Any CPU
		{6407F0A3-53A4-4332-A005-BFE87D750F50}.Debug|Any CPU.Build.0 = Debug|Any CPU
		{6407F0A3-53A4-4332-A005-BFE87D750F50}.Release|Any CPU.ActiveCfg = Release|Any CPU
		{6407F0A3-53A4-4332-A005-BFE87D750F50}.Release|Any CPU.Build.0 = Release|Any CPU
		{420FAEEF-B237-414A-95A8-BE6E29D98C2A}.Debug|Any CPU.ActiveCfg = Debug|Any CPU
		{420FAEEF-B237-414A-95A8-BE6E29D98C2A}.Debug|Any CPU.Build.0 = Debug|Any CPU
		{420FAEEF-B237-414A-95A8-BE6E29D98C2A}.Release|Any CPU.ActiveCfg = Release|Any CPU
		{420FAEEF-B237-414A-95A8-BE6E29D98C2A}.Release|Any CPU.Build.0 = Release|Any CPU
	EndGlobalSection
	GlobalSection(SolutionProperties) = preSolution
		HideSolutionNode = FALSE
	EndGlobalSection
	GlobalSection(ExtensibilityGlobals) = postSolution
		SolutionGuid = {9F007173-DBC2-47DB-9796-466BACFD92FF}
	EndGlobalSection
EndGlobal
