
Microsoft Visual Studio Solution File, Format Version 12.00
# Visual Studio Version 17
VisualStudioVersion = 17.1.32319.34
MinimumVisualStudioVersion = 10.0.40219.1
Project("{FAE04EC0-301F-11D3-BF4B-00C04F79EFBC}") = "RekursionTest", "RekursionTest.csproj", "{B2A496A6-E12C-4751-9D32-54F3F50D0763}"
EndProject
Global
	GlobalSection(SolutionConfigurationPlatforms) = preSolution
		Debug|Any CPU = Debug|Any CPU
		Release|Any CPU = Release|Any CPU
	EndGlobalSection
	GlobalSection(ProjectConfigurationPlatforms) = postSolution
		{B2A496A6-E12C-4751-9D32-54F3F50D0763}.Debug|Any CPU.ActiveCfg = Debug|Any CPU
		{B2A496A6-E12C-4751-9D32-54F3F50D0763}.Debug|Any CPU.Build.0 = Debug|Any CPU
		{B2A496A6-E12C-4751-9D32-54F3F50D0763}.Release|Any CPU.ActiveCfg = Release|Any CPU
		{B2A496A6-E12C-4751-9D32-54F3F50D0763}.Release|Any CPU.Build.0 = Release|Any CPU
	EndGlobalSection
	GlobalSection(SolutionProperties) = preSolution
		HideSolutionNode = FALSE
	EndGlobalSection
	GlobalSection(ExtensibilityGlobals) = postSolution
		SolutionGuid = {97EDBDFF-8400-46B0-BFFD-0B0F0F7D4F44}
	EndGlobalSection
EndGlobal
