
Microsoft Visual Studio Solution File, Format Version 12.00
# Visual Studio Version 17
VisualStudioVersion = 17.0.31912.275
MinimumVisualStudioVersion = 10.0.40219.1
Project("{FAE04EC0-301F-11D3-BF4B-00C04F79EFBC}") = "LINQ_Objects", "LINQ_Objects.csproj", "{A2D7C9C3-69DD-46C5-83B2-040AC14B3694}"
EndProject
Global
	GlobalSection(SolutionConfigurationPlatforms) = preSolution
		Debug|Any CPU = Debug|Any CPU
		Release|Any CPU = Release|Any CPU
	EndGlobalSection
	GlobalSection(ProjectConfigurationPlatforms) = postSolution
		{A2D7C9C3-69DD-46C5-83B2-040AC14B3694}.Debug|Any CPU.ActiveCfg = Debug|Any CPU
		{A2D7C9C3-69DD-46C5-83B2-040AC14B3694}.Debug|Any CPU.Build.0 = Debug|Any CPU
		{A2D7C9C3-69DD-46C5-83B2-040AC14B3694}.Release|Any CPU.ActiveCfg = Release|Any CPU
		{A2D7C9C3-69DD-46C5-83B2-040AC14B3694}.Release|Any CPU.Build.0 = Release|Any CPU
	EndGlobalSection
	GlobalSection(SolutionProperties) = preSolution
		HideSolutionNode = FALSE
	EndGlobalSection
	GlobalSection(ExtensibilityGlobals) = postSolution
		SolutionGuid = {BF37A861-D1D2-4648-A0C4-B52638272256}
	EndGlobalSection
EndGlobal
